
Microsoft Visual Studio Solution File, Format Version 12.00
# Visual Studio Version 17
VisualStudioVersion = 17.5.33516.290
MinimumVisualStudioVersion = 10.0.40219.1
Project("{8BC9CEB8-8B4A-11D0-8D11-00A0C91BC942}") = "weave", "counterstrike2\counterstrike2.vcxproj", "{A9E289BB-37C4-4A45-9FAB-A8BA01D31914}"
EndProject
Project("{8BC9CEB8-8B4A-11D0-8D11-00A0C91BC942}") = "ParseCheat", "ParseCheat\ParseCheat.vcxproj", "{CC4DF7E8-828A-4488-A6C8-7A026B3BA8C1}"
EndProject
Global
	GlobalSection(SolutionConfigurationPlatforms) = preSolution
		Alpha|x64 = Alpha|x64
		Alpha|x86 = Alpha|x86
		Debug|x64 = Debug|x64
		Debug|x86 = Debug|x86
		DebugDev|x64 = DebugDev|x64
		DebugDev|x86 = DebugDev|x86
		Dev|x64 = Dev|x64
		Dev|x86 = Dev|x86
		Release|x64 = Release|x64
		Release|x86 = Release|x86
	EndGlobalSection
	GlobalSection(ProjectConfigurationPlatforms) = postSolution
		{A9E289BB-37C4-4A45-9FAB-A8BA01D31914}.Alpha|x64.ActiveCfg = Alpha|x64
		{A9E289BB-37C4-4A45-9FAB-A8BA01D31914}.Alpha|x64.Build.0 = Alpha|x64
		{A9E289BB-37C4-4A45-9FAB-A8BA01D31914}.Alpha|x86.ActiveCfg = Alpha|x64
		{A9E289BB-37C4-4A45-9FAB-A8BA01D31914}.Alpha|x86.Build.0 = Alpha|x64
		{A9E289BB-37C4-4A45-9FAB-A8BA01D31914}.Debug|x64.ActiveCfg = Debug|x64
		{A9E289BB-37C4-4A45-9FAB-A8BA01D31914}.Debug|x64.Build.0 = Debug|x64
		{A9E289BB-37C4-4A45-9FAB-A8BA01D31914}.Debug|x86.ActiveCfg = Debug|x64
		{A9E289BB-37C4-4A45-9FAB-A8BA01D31914}.Debug|x86.Build.0 = Debug|x64
		{A9E289BB-37C4-4A45-9FAB-A8BA01D31914}.DebugDev|x64.ActiveCfg = DebugDev|x64
		{A9E289BB-37C4-4A45-9FAB-A8BA01D31914}.DebugDev|x64.Build.0 = DebugDev|x64
		{A9E289BB-37C4-4A45-9FAB-A8BA01D31914}.DebugDev|x86.ActiveCfg = DebugDev|x64
		{A9E289BB-37C4-4A45-9FAB-A8BA01D31914}.DebugDev|x86.Build.0 = DebugDev|x64
		{A9E289BB-37C4-4A45-9FAB-A8BA01D31914}.Dev|x64.ActiveCfg = Dev|x64
		{A9E289BB-37C4-4A45-9FAB-A8BA01D31914}.Dev|x64.Build.0 = Dev|x64
		{A9E289BB-37C4-4A45-9FAB-A8BA01D31914}.Dev|x86.ActiveCfg = Dev|x64
		{A9E289BB-37C4-4A45-9FAB-A8BA01D31914}.Dev|x86.Build.0 = Dev|x64
		{A9E289BB-37C4-4A45-9FAB-A8BA01D31914}.Release|x64.ActiveCfg = Release|x64
		{A9E289BB-37C4-4A45-9FAB-A8BA01D31914}.Release|x64.Build.0 = Release|x64
		{A9E289BB-37C4-4A45-9FAB-A8BA01D31914}.Release|x86.ActiveCfg = Release|x64
		{A9E289BB-37C4-4A45-9FAB-A8BA01D31914}.Release|x86.Build.0 = Release|x64
		{CC4DF7E8-828A-4488-A6C8-7A026B3BA8C1}.Alpha|x64.ActiveCfg = Debug|x64
		{CC4DF7E8-828A-4488-A6C8-7A026B3BA8C1}.Alpha|x64.Build.0 = Debug|x64
		{CC4DF7E8-828A-4488-A6C8-7A026B3BA8C1}.Alpha|x86.ActiveCfg = Debug|Win32
		{CC4DF7E8-828A-4488-A6C8-7A026B3BA8C1}.Alpha|x86.Build.0 = Debug|Win32
		{CC4DF7E8-828A-4488-A6C8-7A026B3BA8C1}.Debug|x64.ActiveCfg = Debug|x64
		{CC4DF7E8-828A-4488-A6C8-7A026B3BA8C1}.Debug|x64.Build.0 = Debug|x64
		{CC4DF7E8-828A-4488-A6C8-7A026B3BA8C1}.Debug|x86.ActiveCfg = Debug|Win32
		{CC4DF7E8-828A-4488-A6C8-7A026B3BA8C1}.Debug|x86.Build.0 = Debug|Win32
		{CC4DF7E8-828A-4488-A6C8-7A026B3BA8C1}.DebugDev|x64.ActiveCfg = Debug|x64
		{CC4DF7E8-828A-4488-A6C8-7A026B3BA8C1}.DebugDev|x64.Build.0 = Debug|x64
		{CC4DF7E8-828A-4488-A6C8-7A026B3BA8C1}.DebugDev|x86.ActiveCfg = Debug|Win32
		{CC4DF7E8-828A-4488-A6C8-7A026B3BA8C1}.DebugDev|x86.Build.0 = Debug|Win32
		{CC4DF7E8-828A-4488-A6C8-7A026B3BA8C1}.Dev|x64.ActiveCfg = Debug|x64
		{CC4DF7E8-828A-4488-A6C8-7A026B3BA8C1}.Dev|x64.Build.0 = Debug|x64
		{CC4DF7E8-828A-4488-A6C8-7A026B3BA8C1}.Dev|x86.ActiveCfg = Debug|Win32
		{CC4DF7E8-828A-4488-A6C8-7A026B3BA8C1}.Dev|x86.Build.0 = Debug|Win32
		{CC4DF7E8-828A-4488-A6C8-7A026B3BA8C1}.Release|x64.ActiveCfg = Release|x64
		{CC4DF7E8-828A-4488-A6C8-7A026B3BA8C1}.Release|x64.Build.0 = Release|x64
		{CC4DF7E8-828A-4488-A6C8-7A026B3BA8C1}.Release|x86.ActiveCfg = Release|Win32
		{CC4DF7E8-828A-4488-A6C8-7A026B3BA8C1}.Release|x86.Build.0 = Release|Win32
	EndGlobalSection
	GlobalSection(SolutionProperties) = preSolution
		HideSolutionNode = FALSE
	EndGlobalSection
	GlobalSection(ExtensibilityGlobals) = postSolution
		SolutionGuid = {B9CE340E-F00A-46B8-B69E-8DBA45F3FE8B}
	EndGlobalSection
EndGlobal
